
Microsoft Visual Studio Solution File, Format Version 12.00
# Visual Studio Version 16
VisualStudioVersion = 16.0.30907.101
MinimumVisualStudioVersion = 10.0.40219.1
Project("{FAE04EC0-301F-11D3-BF4B-00C04F79EFBC}") = "Uppgift 3 - Dice Roll", "Uppgift 3 - Dice Roll.csproj", "{4EA7CF09-5EF6-4BCE-910B-84D58E51D968}"
EndProject
Global
	GlobalSection(SolutionConfigurationPlatforms) = preSolution
		Debug|Any CPU = Debug|Any CPU
		Release|Any CPU = Release|Any CPU
	EndGlobalSection
	GlobalSection(ProjectConfigurationPlatforms) = postSolution
		{4EA7CF09-5EF6-4BCE-910B-84D58E51D968}.Debug|Any CPU.ActiveCfg = Debug|Any CPU
		{4EA7CF09-5EF6-4BCE-910B-84D58E51D968}.Debug|Any CPU.Build.0 = Debug|Any CPU
		{4EA7CF09-5EF6-4BCE-910B-84D58E51D968}.Release|Any CPU.ActiveCfg = Release|Any CPU
		{4EA7CF09-5EF6-4BCE-910B-84D58E51D968}.Release|Any CPU.Build.0 = Release|Any CPU
	EndGlobalSection
	GlobalSection(SolutionProperties) = preSolution
		HideSolutionNode = FALSE
	EndGlobalSection
	GlobalSection(ExtensibilityGlobals) = postSolution
		SolutionGuid = {4927EE8A-8719-41BA-9DE1-7A4BE0C7C9AA}
	EndGlobalSection
EndGlobal
